
Microsoft Visual Studio Solution File, Format Version 12.00
# Visual Studio Version 17
VisualStudioVersion = 17.8.34330.188
MinimumVisualStudioVersion = 10.0.40219.1
Project("{9A19103F-16F7-4668-BE54-9A1E7A4F7556}") = "Beneficiaries.Core", "Beneficiaries.Core\Beneficiaries.Core.csproj", "{01915614-4095-42A7-A274-F77C0DDC7BC5}"
EndProject
Project("{FAE04EC0-301F-11D3-BF4B-00C04F79EFBC}") = "Beneficiaries.API", "Beneficiaries.API\Beneficiaries.API.csproj", "{01744B5A-AD7E-417A-B6B7-5B59334DA841}"
EndProject
Global
	GlobalSection(SolutionConfigurationPlatforms) = preSolution
		Debug|Any CPU = Debug|Any CPU
		Release|Any CPU = Release|Any CPU
	EndGlobalSection
	GlobalSection(ProjectConfigurationPlatforms) = postSolution
		{01915614-4095-42A7-A274-F77C0DDC7BC5}.Debug|Any CPU.ActiveCfg = Debug|Any CPU
		{01915614-4095-42A7-A274-F77C0DDC7BC5}.Debug|Any CPU.Build.0 = Debug|Any CPU
		{01915614-4095-42A7-A274-F77C0DDC7BC5}.Release|Any CPU.ActiveCfg = Release|Any CPU
		{01915614-4095-42A7-A274-F77C0DDC7BC5}.Release|Any CPU.Build.0 = Release|Any CPU
		{01744B5A-AD7E-417A-B6B7-5B59334DA841}.Debug|Any CPU.ActiveCfg = Debug|Any CPU
		{01744B5A-AD7E-417A-B6B7-5B59334DA841}.Debug|Any CPU.Build.0 = Debug|Any CPU
		{01744B5A-AD7E-417A-B6B7-5B59334DA841}.Release|Any CPU.ActiveCfg = Release|Any CPU
		{01744B5A-AD7E-417A-B6B7-5B59334DA841}.Release|Any CPU.Build.0 = Release|Any CPU
	EndGlobalSection
	GlobalSection(SolutionProperties) = preSolution
		HideSolutionNode = FALSE
	EndGlobalSection
	GlobalSection(ExtensibilityGlobals) = postSolution
		SolutionGuid = {25F32274-423D-450D-B8F2-B1CCC8835F2E}
	EndGlobalSection
EndGlobal
